{
  "originHash" : "072b8f4b8a452f47141a36ce10807a4daa960f1545bc77acaa20f2940d9bb8a7",
  "pins" : [
    {
      "identity" : "swiftcommons",
      "kind" : "remoteSourceControl",
      "location" : "https://github.com/maniramezan/SwiftCommons.git",
      "state" : {
        "revision" : "53ac4fbf3194240e24865f54f3f5a6aa7a9e7cdf",
        "version" : "0.14.0"
      }
    }
  ],
  "version" : 3
}
